// !$*UTF8*$!
{
	archiveVersion = 1;
	classes = {
	};
	objectVersion = 56;
	objects = {

/* Begin PBXBuildFile section */
		A00000000000000000000101 /* CompassLunchApp.swift in Sources */ = {isa = PBXBuildFile; fileRef = A00000000000000000000001 /* CompassLunchApp.swift */; };
		A00000000000000000000102 /* AppDelegate.swift in Sources */ = {isa = PBXBuildFile; fileRef = A00000000000000000000002 /* AppDelegate.swift */; };
		A00000000000000000000103 /* Models.swift in Sources */ = {isa = PBXBuildFile; fileRef = A00000000000000000000003 /* Models.swift */; };
		A00000000000000000000104 /* MenuService.swift in Sources */ = {isa = PBXBuildFile; fileRef = A00000000000000000000004 /* MenuService.swift */; };
		A00000000000000000000105 /* CacheStore.swift in Sources */ = {isa = PBXBuildFile; fileRef = A00000000000000000000005 /* CacheStore.swift */; };
		A00000000000000000000106 /* AppModel.swift in Sources */ = {isa = PBXBuildFile; fileRef = A00000000000000000000006 /* AppModel.swift */; };
		A00000000000000000000107 /* MenuPopoverView.swift in Sources */ = {isa = PBXBuildFile; fileRef = A00000000000000000000007 /* MenuPopoverView.swift */; };
		A00000000000000000000108 /* SettingsView.swift in Sources */ = {isa = PBXBuildFile; fileRef = A00000000000000000000008 /* SettingsView.swift */; };
		A00000000000000000000109 /* CompassParserTests.swift in Sources */ = {isa = PBXBuildFile; fileRef = A00000000000000000000009 /* CompassParserTests.swift */; };
		A00000000000000000000110 /* ProviderParsers.swift in Sources */ = {isa = PBXBuildFile; fileRef = A00000000000000000000012 /* ProviderParsers.swift */; };
		A00000000000000000000111 /* RecipeDetails.swift in Sources */ = {isa = PBXBuildFile; fileRef = A00000000000000000000013 /* RecipeDetails.swift */; };
/* End PBXBuildFile section */

/* Begin PBXContainerItemProxy section */
		A00000000000000000000201 /* PBXContainerItemProxy */ = {
			isa = PBXContainerItemProxy;
			containerPortal = A00000000000000000000501 /* Project object */;
			proxyType = 1;
			remoteGlobalIDString = A00000000000000000000301;
			remoteInfo = CompassLunch;
		};
/* End PBXContainerItemProxy section */

/* Begin PBXFileReference section */
		A00000000000000000000001 /* CompassLunchApp.swift */ = {isa = PBXFileReference; lastKnownFileType = sourcecode.swift; path = CompassLunchApp.swift; sourceTree = "<group>"; };
		A00000000000000000000002 /* AppDelegate.swift */ = {isa = PBXFileReference; lastKnownFileType = sourcecode.swift; path = AppDelegate.swift; sourceTree = "<group>"; };
		A00000000000000000000003 /* Models.swift */ = {isa = PBXFileReference; lastKnownFileType = sourcecode.swift; path = Models.swift; sourceTree = "<group>"; };
		A00000000000000000000004 /* MenuService.swift */ = {isa = PBXFileReference; lastKnownFileType = sourcecode.swift; path = MenuService.swift; sourceTree = "<group>"; };
		A00000000000000000000005 /* CacheStore.swift */ = {isa = PBXFileReference; lastKnownFileType = sourcecode.swift; path = CacheStore.swift; sourceTree = "<group>"; };
		A00000000000000000000006 /* AppModel.swift */ = {isa = PBXFileReference; lastKnownFileType = sourcecode.swift; path = AppModel.swift; sourceTree = "<group>"; };
		A00000000000000000000007 /* MenuPopoverView.swift */ = {isa = PBXFileReference; lastKnownFileType = sourcecode.swift; path = MenuPopoverView.swift; sourceTree = "<group>"; };
		A00000000000000000000008 /* SettingsView.swift */ = {isa = PBXFileReference; lastKnownFileType = sourcecode.swift; path = SettingsView.swift; sourceTree = "<group>"; };
		A00000000000000000000009 /* CompassParserTests.swift */ = {isa = PBXFileReference; lastKnownFileType = sourcecode.swift; path = CompassParserTests.swift; sourceTree = "<group>"; };
		A00000000000000000000010 /* LunchTray.app */ = {isa = PBXFileReference; explicitFileType = wrapper.application; includeInIndex = 0; path = LunchTray.app; sourceTree = BUILT_PRODUCTS_DIR; };
		A00000000000000000000011 /* CompassLunchTests.xctest */ = {isa = PBXFileReference; explicitFileType = wrapper.cfbundle; includeInIndex = 0; path = CompassLunchTests.xctest; sourceTree = BUILT_PRODUCTS_DIR; };
		A00000000000000000000012 /* ProviderParsers.swift */ = {isa = PBXFileReference; lastKnownFileType = sourcecode.swift; path = ProviderParsers.swift; sourceTree = "<group>"; };
		A00000000000000000000013 /* RecipeDetails.swift */ = {isa = PBXFileReference; lastKnownFileType = sourcecode.swift; path = RecipeDetails.swift; sourceTree = "<group>"; };
/* End PBXFileReference section */

/* Begin PBXFrameworksBuildPhase section */
		A00000000000000000000401 /* Frameworks */ = {
			isa = PBXFrameworksBuildPhase;
			buildActionMask = 2147483647;
			files = (
			);
			runOnlyForDeploymentPostprocessing = 0;
		};
		A00000000000000000000402 /* Frameworks */ = {
			isa = PBXFrameworksBuildPhase;
			buildActionMask = 2147483647;
			files = (
			);
			runOnlyForDeploymentPostprocessing = 0;
		};
/* End PBXFrameworksBuildPhase section */

/* Begin PBXGroup section */
		A00000000000000000000601 = {
			isa = PBXGroup;
			children = (
				A00000000000000000000602 /* CompassLunch */,
				A00000000000000000000603 /* CompassLunchTests */,
				A00000000000000000000604 /* Products */,
			);
			sourceTree = "<group>";
		};
		A00000000000000000000602 /* CompassLunch */ = {
			isa = PBXGroup;
			children = (
				A00000000000000000000001 /* CompassLunchApp.swift */,
				A00000000000000000000002 /* AppDelegate.swift */,
				A00000000000000000000006 /* AppModel.swift */,
				A00000000000000000000003 /* Models.swift */,
				A00000000000000000000004 /* MenuService.swift */,
				A00000000000000000000012 /* ProviderParsers.swift */,
				A00000000000000000000013 /* RecipeDetails.swift */,
				A00000000000000000000005 /* CacheStore.swift */,
				A00000000000000000000007 /* MenuPopoverView.swift */,
				A00000000000000000000008 /* SettingsView.swift */,
			);
			path = CompassLunch;
			sourceTree = "<group>";
		};
		A00000000000000000000603 /* CompassLunchTests */ = {
			isa = PBXGroup;
			children = (
				A00000000000000000000009 /* CompassParserTests.swift */,
			);
			path = CompassLunchTests;
			sourceTree = "<group>";
		};
		A00000000000000000000604 /* Products */ = {
			isa = PBXGroup;
			children = (
				A00000000000000000000010 /* LunchTray.app */,
				A00000000000000000000011 /* CompassLunchTests.xctest */,
			);
			name = Products;
			sourceTree = "<group>";
		};
/* End PBXGroup section */

/* Begin PBXNativeTarget section */
		A00000000000000000000301 /* CompassLunch */ = {
			isa = PBXNativeTarget;
			buildConfigurationList = A00000000000000000000902 /* Build configuration list for PBXNativeTarget "CompassLunch" */;
			buildPhases = (
				A00000000000000000000403 /* Sources */,
				A00000000000000000000401 /* Frameworks */,
				A00000000000000000000405 /* Resources */,
			);
			buildRules = (
			);
			dependencies = (
			);
			name = CompassLunch;
			productName = LunchTray;
			productReference = A00000000000000000000010 /* LunchTray.app */;
			productType = "com.apple.product-type.application";
		};
		A00000000000000000000302 /* CompassLunchTests */ = {
			isa = PBXNativeTarget;
			buildConfigurationList = A00000000000000000000903 /* Build configuration list for PBXNativeTarget "CompassLunchTests" */;
			buildPhases = (
				A00000000000000000000404 /* Sources */,
				A00000000000000000000402 /* Frameworks */,
				A00000000000000000000406 /* Resources */,
			);
			buildRules = (
			);
			dependencies = (
				A00000000000000000000202 /* PBXTargetDependency */,
			);
			name = CompassLunchTests;
			productName = CompassLunchTests;
			productReference = A00000000000000000000011 /* CompassLunchTests.xctest */;
			productType = "com.apple.product-type.bundle.unit-test";
		};
/* End PBXNativeTarget section */

/* Begin PBXProject section */
		A00000000000000000000501 /* Project object */ = {
			isa = PBXProject;
			attributes = {
				BuildIndependentTargetsInParallel = 1;
				LastSwiftUpdateCheck = 1640;
				LastUpgradeCheck = 1640;
				TargetAttributes = {
					A00000000000000000000301 = {
						CreatedOnToolsVersion = 16.4;
					};
					A00000000000000000000302 = {
						CreatedOnToolsVersion = 16.4;
						TestTargetID = A00000000000000000000301;
					};
				};
			};
			buildConfigurationList = A00000000000000000000901 /* Build configuration list for PBXProject "CompassLunch" */;
			compatibilityVersion = "Xcode 14.0";
			developmentRegion = en;
			hasScannedForEncodings = 0;
			knownRegions = (
				en,
				Base,
			);
			mainGroup = A00000000000000000000601;
			productRefGroup = A00000000000000000000604 /* Products */;
			projectDirPath = "";
			projectRoot = "";
			targets = (
				A00000000000000000000301 /* CompassLunch */,
				A00000000000000000000302 /* CompassLunchTests */,
			);
		};
/* End PBXProject section */

/* Begin PBXResourcesBuildPhase section */
		A00000000000000000000405 /* Resources */ = {
			isa = PBXResourcesBuildPhase;
			buildActionMask = 2147483647;
			files = (
			);
			runOnlyForDeploymentPostprocessing = 0;
		};
		A00000000000000000000406 /* Resources */ = {
			isa = PBXResourcesBuildPhase;
			buildActionMask = 2147483647;
			files = (
			);
			runOnlyForDeploymentPostprocessing = 0;
		};
/* End PBXResourcesBuildPhase section */

/* Begin PBXSourcesBuildPhase section */
		A00000000000000000000403 /* Sources */ = {
			isa = PBXSourcesBuildPhase;
			buildActionMask = 2147483647;
			files = (
				A00000000000000000000101 /* CompassLunchApp.swift in Sources */,
				A00000000000000000000102 /* AppDelegate.swift in Sources */,
				A00000000000000000000103 /* Models.swift in Sources */,
				A00000000000000000000104 /* MenuService.swift in Sources */,
				A00000000000000000000110 /* ProviderParsers.swift in Sources */,
				A00000000000000000000111 /* RecipeDetails.swift in Sources */,
				A00000000000000000000105 /* CacheStore.swift in Sources */,
				A00000000000000000000106 /* AppModel.swift in Sources */,
				A00000000000000000000107 /* MenuPopoverView.swift in Sources */,
				A00000000000000000000108 /* SettingsView.swift in Sources */,
			);
			runOnlyForDeploymentPostprocessing = 0;
		};
		A00000000000000000000404 /* Sources */ = {
			isa = PBXSourcesBuildPhase;
			buildActionMask = 2147483647;
			files = (
				A00000000000000000000109 /* CompassParserTests.swift in Sources */,
			);
			runOnlyForDeploymentPostprocessing = 0;
		};
/* End PBXSourcesBuildPhase section */

/* Begin PBXTargetDependency section */
		A00000000000000000000202 /* PBXTargetDependency */ = {
			isa = PBXTargetDependency;
			target = A00000000000000000000301 /* CompassLunch */;
			targetProxy = A00000000000000000000201 /* PBXContainerItemProxy */;
		};
/* End PBXTargetDependency section */

/* Begin XCBuildConfiguration section */
		A00000000000000000000801 /* Debug */ = {
			isa = XCBuildConfiguration;
			buildSettings = {
				ALWAYS_SEARCH_USER_PATHS = NO;
				CLANG_ANALYZER_NONNULL = YES;
				CLANG_ANALYZER_NUMBER_OBJECT_CONVERSION = YES_AGGRESSIVE;
				CLANG_CXX_LANGUAGE_STANDARD = "gnu++20";
				CLANG_ENABLE_MODULES = YES;
				CLANG_ENABLE_OBJC_ARC = YES;
				CLANG_WARN_BOOL_CONVERSION = YES;
				CLANG_WARN_COMMA = YES;
				CLANG_WARN_CONSTANT_CONVERSION = YES;
				CLANG_WARN_DEPRECATED_OBJC_IMPLEMENTATIONS = YES;
				CLANG_WARN_DIRECT_OBJC_ISA_USAGE = YES_ERROR;
				CLANG_WARN_DOCUMENTATION_COMMENTS = YES;
				CLANG_WARN_EMPTY_BODY = YES;
				CLANG_WARN_ENUM_CONVERSION = YES;
				CLANG_WARN_INFINITE_RECURSION = YES;
				CLANG_WARN_INT_CONVERSION = YES;
				CLANG_WARN_NON_LITERAL_NULL_CONVERSION = YES;
				CLANG_WARN_OBJC_IMPLICIT_RETAIN_SELF = YES;
				CLANG_WARN_OBJC_LITERAL_CONVERSION = YES;
				CLANG_WARN_OBJC_ROOT_CLASS = YES_ERROR;
				CLANG_WARN_QUOTED_INCLUDE_IN_FRAMEWORK_HEADER = YES;
				CLANG_WARN_RANGE_LOOP_ANALYSIS = YES;
				CLANG_WARN_STRICT_PROTOTYPES = YES;
				CLANG_WARN_SUSPICIOUS_MOVE = YES;
				CLANG_WARN_UNGUARDED_AVAILABILITY = YES_AGGRESSIVE;
				CLANG_WARN_UNREACHABLE_CODE = YES;
				CLANG_WARN__DUPLICATE_METHOD_MATCH = YES;
				COPY_PHASE_STRIP = NO;
				DEBUG_INFORMATION_FORMAT = dwarf;
				ENABLE_TESTABILITY = YES;
				GCC_C_LANGUAGE_STANDARD = gnu17;
				GCC_NO_COMMON_BLOCKS = YES;
				GCC_OPTIMIZATION_LEVEL = 0;
				GCC_PREPROCESSOR_DEFINITIONS = (
					"DEBUG=1",
					"$(inherited)",
				);
				GCC_WARN_64_TO_32_BIT_CONVERSION = YES;
				GCC_WARN_ABOUT_RETURN_TYPE = YES_ERROR;
				GCC_WARN_UNDECLARED_SELECTOR = YES;
				GCC_WARN_UNINITIALIZED_AUTOS = YES_AGGRESSIVE;
				GCC_WARN_UNUSED_FUNCTION = YES;
				GCC_WARN_UNUSED_VARIABLE = YES;
				LOCALIZATION_PREFERS_STRING_CATALOGS = YES;
				MACOSX_DEPLOYMENT_TARGET = 13.0;
				MTL_ENABLE_DEBUG_INFO = INCLUDE_SOURCE;
				MTL_FAST_MATH = YES;
				ONLY_ACTIVE_ARCH = YES;
				SDKROOT = macosx;
				SWIFT_ACTIVE_COMPILATION_CONDITIONS = "DEBUG $(inherited)";
				SWIFT_OPTIMIZATION_LEVEL = "-Onone";
			};
			name = Debug;
		};
		A00000000000000000000802 /* Release */ = {
			isa = XCBuildConfiguration;
			buildSettings = {
				ALWAYS_SEARCH_USER_PATHS = NO;
				CLANG_ANALYZER_NONNULL = YES;
				CLANG_ANALYZER_NUMBER_OBJECT_CONVERSION = YES_AGGRESSIVE;
				CLANG_CXX_LANGUAGE_STANDARD = "gnu++20";
				CLANG_ENABLE_MODULES = YES;
				CLANG_ENABLE_OBJC_ARC = YES;
				CLANG_WARN_BOOL_CONVERSION = YES;
				CLANG_WARN_COMMA = YES;
				CLANG_WARN_CONSTANT_CONVERSION = YES;
				CLANG_WARN_DEPRECATED_OBJC_IMPLEMENTATIONS = YES;
				CLANG_WARN_DIRECT_OBJC_ISA_USAGE = YES_ERROR;
				CLANG_WARN_DOCUMENTATION_COMMENTS = YES;
				CLANG_WARN_EMPTY_BODY = YES;
				CLANG_WARN_ENUM_CONVERSION = YES;
				CLANG_WARN_INFINITE_RECURSION = YES;
				CLANG_WARN_INT_CONVERSION = YES;
				CLANG_WARN_NON_LITERAL_NULL_CONVERSION = YES;
				CLANG_WARN_OBJC_IMPLICIT_RETAIN_SELF = YES;
				CLANG_WARN_OBJC_LITERAL_CONVERSION = YES;
				CLANG_WARN_OBJC_ROOT_CLASS = YES_ERROR;
				CLANG_WARN_QUOTED_INCLUDE_IN_FRAMEWORK_HEADER = YES;
				CLANG_WARN_RANGE_LOOP_ANALYSIS = YES;
				CLANG_WARN_STRICT_PROTOTYPES = YES;
				CLANG_WARN_SUSPICIOUS_MOVE = YES;
				CLANG_WARN_UNGUARDED_AVAILABILITY = YES_AGGRESSIVE;
				CLANG_WARN_UNREACHABLE_CODE = YES;
				CLANG_WARN__DUPLICATE_METHOD_MATCH = YES;
				COPY_PHASE_STRIP = NO;
				DEBUG_INFORMATION_FORMAT = "dwarf-with-dsym";
				ENABLE_NS_ASSERTIONS = NO;
				GCC_C_LANGUAGE_STANDARD = gnu17;
				GCC_NO_COMMON_BLOCKS = YES;
				GCC_WARN_64_TO_32_BIT_CONVERSION = YES;
				GCC_WARN_ABOUT_RETURN_TYPE = YES_ERROR;
				GCC_WARN_UNDECLARED_SELECTOR = YES;
				GCC_WARN_UNINITIALIZED_AUTOS = YES_AGGRESSIVE;
				GCC_WARN_UNUSED_FUNCTION = YES;
				GCC_WARN_UNUSED_VARIABLE = YES;
				LOCALIZATION_PREFERS_STRING_CATALOGS = YES;
				MACOSX_DEPLOYMENT_TARGET = 13.0;
				MTL_ENABLE_DEBUG_INFO = NO;
				MTL_FAST_MATH = YES;
				SDKROOT = macosx;
				SWIFT_COMPILATION_MODE = wholemodule;
			};
			name = Release;
		};
		A00000000000000000000803 /* Debug */ = {
			isa = XCBuildConfiguration;
			buildSettings = {
				CODE_SIGN_STYLE = Automatic;
				CURRENT_PROJECT_VERSION = 1;
				ENABLE_HARDENED_RUNTIME = YES;
				GENERATE_INFOPLIST_FILE = YES;
				INFOPLIST_KEY_CFBundleDisplayName = "Lunch Tray";
				INFOPLIST_KEY_LSApplicationCategoryType = "public.app-category.lifestyle";
				INFOPLIST_KEY_LSUIElement = YES;
				LD_RUNPATH_SEARCH_PATHS = (
					"$(inherited)",
					"@executable_path/../Frameworks",
				);
				MARKETING_VERSION = 0.1.0;
				PRODUCT_BUNDLE_IDENTIFIER = io.github.veetir.CompassLunch;
				PRODUCT_MODULE_NAME = CompassLunch;
				PRODUCT_NAME = LunchTray;
				SWIFT_EMIT_LOC_STRINGS = YES;
				SWIFT_VERSION = 5.0;
			};
			name = Debug;
		};
		A00000000000000000000804 /* Release */ = {
			isa = XCBuildConfiguration;
			buildSettings = {
				CODE_SIGN_STYLE = Automatic;
				CURRENT_PROJECT_VERSION = 1;
				ENABLE_HARDENED_RUNTIME = YES;
				GENERATE_INFOPLIST_FILE = YES;
				INFOPLIST_KEY_CFBundleDisplayName = "Lunch Tray";
				INFOPLIST_KEY_LSApplicationCategoryType = "public.app-category.lifestyle";
				INFOPLIST_KEY_LSUIElement = YES;
				LD_RUNPATH_SEARCH_PATHS = (
					"$(inherited)",
					"@executable_path/../Frameworks",
				);
				MARKETING_VERSION = 0.1.0;
				PRODUCT_BUNDLE_IDENTIFIER = io.github.veetir.CompassLunch;
				PRODUCT_MODULE_NAME = CompassLunch;
				PRODUCT_NAME = LunchTray;
				SWIFT_EMIT_LOC_STRINGS = YES;
				SWIFT_VERSION = 5.0;
			};
			name = Release;
		};
		A00000000000000000000805 /* Debug */ = {
			isa = XCBuildConfiguration;
			buildSettings = {
				BUNDLE_LOADER = "$(TEST_HOST)";
				CODE_SIGN_STYLE = Automatic;
				GENERATE_INFOPLIST_FILE = YES;
				LD_RUNPATH_SEARCH_PATHS = (
					"$(inherited)",
					"@executable_path/../Frameworks",
					"@loader_path/../Frameworks",
				);
				PRODUCT_BUNDLE_IDENTIFIER = io.github.veetir.CompassLunchTests;
				PRODUCT_NAME = "$(TARGET_NAME)";
				SWIFT_VERSION = 5.0;
				TEST_HOST = "$(BUILT_PRODUCTS_DIR)/LunchTray.app/Contents/MacOS/LunchTray";
			};
			name = Debug;
		};
		A00000000000000000000806 /* Release */ = {
			isa = XCBuildConfiguration;
			buildSettings = {
				BUNDLE_LOADER = "$(TEST_HOST)";
				CODE_SIGN_STYLE = Automatic;
				GENERATE_INFOPLIST_FILE = YES;
				LD_RUNPATH_SEARCH_PATHS = (
					"$(inherited)",
					"@executable_path/../Frameworks",
					"@loader_path/../Frameworks",
				);
				PRODUCT_BUNDLE_IDENTIFIER = io.github.veetir.CompassLunchTests;
				PRODUCT_NAME = "$(TARGET_NAME)";
				SWIFT_VERSION = 5.0;
				TEST_HOST = "$(BUILT_PRODUCTS_DIR)/LunchTray.app/Contents/MacOS/LunchTray";
			};
			name = Release;
		};
/* End XCBuildConfiguration section */

/* Begin XCConfigurationList section */
		A00000000000000000000901 /* Build configuration list for PBXProject "CompassLunch" */ = {
			isa = XCConfigurationList;
			buildConfigurations = (
				A00000000000000000000801 /* Debug */,
				A00000000000000000000802 /* Release */,
			);
			defaultConfigurationIsVisible = 0;
			defaultConfigurationName = Release;
		};
		A00000000000000000000902 /* Build configuration list for PBXNativeTarget "CompassLunch" */ = {
			isa = XCConfigurationList;
			buildConfigurations = (
				A00000000000000000000803 /* Debug */,
				A00000000000000000000804 /* Release */,
			);
			defaultConfigurationIsVisible = 0;
			defaultConfigurationName = Release;
		};
		A00000000000000000000903 /* Build configuration list for PBXNativeTarget "CompassLunchTests" */ = {
			isa = XCConfigurationList;
			buildConfigurations = (
				A00000000000000000000805 /* Debug */,
				A00000000000000000000806 /* Release */,
			);
			defaultConfigurationIsVisible = 0;
			defaultConfigurationName = Release;
		};
/* End XCConfigurationList section */
	};
	rootObject = A00000000000000000000501 /* Project object */;
}
